
Microsoft Visual Studio Solution File, Format Version 12.00
# Visual Studio 15
VisualStudioVersion = 15.0.28307.705
MinimumVisualStudioVersion = 10.0.40219.1
Project("{2150E333-8FDC-42A3-9474-1A3956D46DE8}") = "1 - WebApi", "1 - WebApi", "{37BDB6BE-83B4-450C-A277-E1AD9DF46C49}"
EndProject
Project("{FAE04EC0-301F-11D3-BF4B-00C04F79EFBC}") = "Block.WebApi", "1 - WebApi\Block.WebApi\Block.WebApi.csproj", "{F722A956-53E2-4808-8AD7-1BD64D5199B9}"
EndProject
Project("{2150E333-8FDC-42A3-9474-1A3956D46DE8}") = "2 - Entities", "2 - Entities", "{40B8CD9C-74D6-41A9-ACE6-A4B771CF1286}"
EndProject
Project("{2150E333-8FDC-42A3-9474-1A3956D46DE8}") = "3 - Business", "3 - Business", "{9FB127F5-933F-46D7-B93B-E58A7AFDBDD8}"
EndProject
Project("{2150E333-8FDC-42A3-9474-1A3956D46DE8}") = "4 - Repository", "4 - Repository", "{933C2992-562A-4408-9340-51B3EC4A2781}"
EndProject
Project("{2150E333-8FDC-42A3-9474-1A3956D46DE8}") = "5 - DataAccess", "5 - DataAccess", "{3E73D0B4-95AF-4A85-BEB7-A38838FDE9CF}"
EndProject
Project("{2150E333-8FDC-42A3-9474-1A3956D46DE8}") = "6 - Services", "6 - Services", "{6FA70A6F-1EC3-4ED8-B6B5-A71021A5AC9B}"
EndProject
Project("{2150E333-8FDC-42A3-9474-1A3956D46DE8}") = "7 - Helpers", "7 - Helpers", "{01E72B3A-0A4E-42D9-B545-62EAE2B5A28A}"
EndProject
Project("{2150E333-8FDC-42A3-9474-1A3956D46DE8}") = "8 - Test", "8 - Test", "{1DE00BC7-CC85-426D-B432-2225FB7207C9}"
EndProject
Project("{FAE04EC0-301F-11D3-BF4B-00C04F79EFBC}") = "Block.Entities", "2 - Entities\Block.Entities\Block.Entities.csproj", "{31EE3912-AE61-48AB-8283-7BAF656FCE85}"
EndProject
Project("{FAE04EC0-301F-11D3-BF4B-00C04F79EFBC}") = "Block.Business", "3 - Business\Block.Business\Block.Business.csproj", "{4B05577F-A684-42E4-A22A-D161F83A7A9A}"
EndProject
Project("{FAE04EC0-301F-11D3-BF4B-00C04F79EFBC}") = "Block.Repository", "4 - Repository\Block.Repository\Block.Repository.csproj", "{ED2DF042-0A9A-407E-9423-385EE5F5BF9B}"
EndProject
Project("{FAE04EC0-301F-11D3-BF4B-00C04F79EFBC}") = "Block.DataAccess", "5 - DataAccess\Block.DataAccess\Block.DataAccess.csproj", "{DAF43C4E-C200-4F2F-B63F-67D446735F49}"
EndProject
Project("{FAE04EC0-301F-11D3-BF4B-00C04F79EFBC}") = "Block.Services", "6 - Services\Block.Services\Block.Services.csproj", "{6D2BD0B8-5F53-4DF6-BAC9-0DCA39022BC1}"
EndProject
Project("{FAE04EC0-301F-11D3-BF4B-00C04F79EFBC}") = "Block.Helpers", "7 - Helpers\Block.Helpers\Block.Helpers.csproj", "{450A8836-E125-4E20-8507-591BA188BDA1}"
EndProject
Project("{FAE04EC0-301F-11D3-BF4B-00C04F79EFBC}") = "Block.UnityTest", "8 - Test\Block.UnityTest\Block.UnityTest.csproj", "{EFB7FCEB-3CEF-4C8A-A1FB-B80053D38B62}"
EndProject
Project("{FAE04EC0-301F-11D3-BF4B-00C04F79EFBC}") = "Block.TestesConsole", "8 - Test\Block.TestesConsole\Block.TestesConsole.csproj", "{7A08F66C-CECF-49E6-874E-18B5697A51F1}"
EndProject
Project("{FAE04EC0-301F-11D3-BF4B-00C04F79EFBC}") = "Block.IoC", "7 - Helpers\Block.IoC\Block.IoC.csproj", "{EE2E2E30-0887-49DE-B00C-39FB6EF80CAF}"
EndProject
Global
	GlobalSection(SolutionConfigurationPlatforms) = preSolution
		Debug|Any CPU = Debug|Any CPU
		Release|Any CPU = Release|Any CPU
	EndGlobalSection
	GlobalSection(ProjectConfigurationPlatforms) = postSolution
		{F722A956-53E2-4808-8AD7-1BD64D5199B9}.Debug|Any CPU.ActiveCfg = Debug|Any CPU
		{F722A956-53E2-4808-8AD7-1BD64D5199B9}.Debug|Any CPU.Build.0 = Debug|Any CPU
		{F722A956-53E2-4808-8AD7-1BD64D5199B9}.Release|Any CPU.ActiveCfg = Release|Any CPU
		{F722A956-53E2-4808-8AD7-1BD64D5199B9}.Release|Any CPU.Build.0 = Release|Any CPU
		{31EE3912-AE61-48AB-8283-7BAF656FCE85}.Debug|Any CPU.ActiveCfg = Debug|Any CPU
		{31EE3912-AE61-48AB-8283-7BAF656FCE85}.Debug|Any CPU.Build.0 = Debug|Any CPU
		{31EE3912-AE61-48AB-8283-7BAF656FCE85}.Release|Any CPU.ActiveCfg = Release|Any CPU
		{31EE3912-AE61-48AB-8283-7BAF656FCE85}.Release|Any CPU.Build.0 = Release|Any CPU
		{4B05577F-A684-42E4-A22A-D161F83A7A9A}.Debug|Any CPU.ActiveCfg = Debug|Any CPU
		{4B05577F-A684-42E4-A22A-D161F83A7A9A}.Debug|Any CPU.Build.0 = Debug|Any CPU
		{4B05577F-A684-42E4-A22A-D161F83A7A9A}.Release|Any CPU.ActiveCfg = Release|Any CPU
		{4B05577F-A684-42E4-A22A-D161F83A7A9A}.Release|Any CPU.Build.0 = Release|Any CPU
		{ED2DF042-0A9A-407E-9423-385EE5F5BF9B}.Debug|Any CPU.ActiveCfg = Debug|Any CPU
		{ED2DF042-0A9A-407E-9423-385EE5F5BF9B}.Debug|Any CPU.Build.0 = Debug|Any CPU
		{ED2DF042-0A9A-407E-9423-385EE5F5BF9B}.Release|Any CPU.ActiveCfg = Release|Any CPU
		{ED2DF042-0A9A-407E-9423-385EE5F5BF9B}.Release|Any CPU.Build.0 = Release|Any CPU
		{DAF43C4E-C200-4F2F-B63F-67D446735F49}.Debug|Any CPU.ActiveCfg = Debug|Any CPU
		{DAF43C4E-C200-4F2F-B63F-67D446735F49}.Debug|Any CPU.Build.0 = Debug|Any CPU
		{DAF43C4E-C200-4F2F-B63F-67D446735F49}.Release|Any CPU.ActiveCfg = Release|Any CPU
		{DAF43C4E-C200-4F2F-B63F-67D446735F49}.Release|Any CPU.Build.0 = Release|Any CPU
		{6D2BD0B8-5F53-4DF6-BAC9-0DCA39022BC1}.Debug|Any CPU.ActiveCfg = Debug|Any CPU
		{6D2BD0B8-5F53-4DF6-BAC9-0DCA39022BC1}.Debug|Any CPU.Build.0 = Debug|Any CPU
		{6D2BD0B8-5F53-4DF6-BAC9-0DCA39022BC1}.Release|Any CPU.ActiveCfg = Release|Any CPU
		{6D2BD0B8-5F53-4DF6-BAC9-0DCA39022BC1}.Release|Any CPU.Build.0 = Release|Any CPU
		{450A8836-E125-4E20-8507-591BA188BDA1}.Debug|Any CPU.ActiveCfg = Debug|Any CPU
		{450A8836-E125-4E20-8507-591BA188BDA1}.Debug|Any CPU.Build.0 = Debug|Any CPU
		{450A8836-E125-4E20-8507-591BA188BDA1}.Release|Any CPU.ActiveCfg = Release|Any CPU
		{450A8836-E125-4E20-8507-591BA188BDA1}.Release|Any CPU.Build.0 = Release|Any CPU
		{EFB7FCEB-3CEF-4C8A-A1FB-B80053D38B62}.Debug|Any CPU.ActiveCfg = Debug|Any CPU
		{EFB7FCEB-3CEF-4C8A-A1FB-B80053D38B62}.Debug|Any CPU.Build.0 = Debug|Any CPU
		{EFB7FCEB-3CEF-4C8A-A1FB-B80053D38B62}.Release|Any CPU.ActiveCfg = Release|Any CPU
		{EFB7FCEB-3CEF-4C8A-A1FB-B80053D38B62}.Release|Any CPU.Build.0 = Release|Any CPU
		{7A08F66C-CECF-49E6-874E-18B5697A51F1}.Debug|Any CPU.ActiveCfg = Debug|Any CPU
		{7A08F66C-CECF-49E6-874E-18B5697A51F1}.Debug|Any CPU.Build.0 = Debug|Any CPU
		{7A08F66C-CECF-49E6-874E-18B5697A51F1}.Release|Any CPU.ActiveCfg = Release|Any CPU
		{7A08F66C-CECF-49E6-874E-18B5697A51F1}.Release|Any CPU.Build.0 = Release|Any CPU
		{EE2E2E30-0887-49DE-B00C-39FB6EF80CAF}.Debug|Any CPU.ActiveCfg = Debug|Any CPU
		{EE2E2E30-0887-49DE-B00C-39FB6EF80CAF}.Debug|Any CPU.Build.0 = Debug|Any CPU
		{EE2E2E30-0887-49DE-B00C-39FB6EF80CAF}.Release|Any CPU.ActiveCfg = Release|Any CPU
		{EE2E2E30-0887-49DE-B00C-39FB6EF80CAF}.Release|Any CPU.Build.0 = Release|Any CPU
	EndGlobalSection
	GlobalSection(SolutionProperties) = preSolution
		HideSolutionNode = FALSE
	EndGlobalSection
	GlobalSection(NestedProjects) = preSolution
		{F722A956-53E2-4808-8AD7-1BD64D5199B9} = {37BDB6BE-83B4-450C-A277-E1AD9DF46C49}
		{31EE3912-AE61-48AB-8283-7BAF656FCE85} = {40B8CD9C-74D6-41A9-ACE6-A4B771CF1286}
		{4B05577F-A684-42E4-A22A-D161F83A7A9A} = {9FB127F5-933F-46D7-B93B-E58A7AFDBDD8}
		{ED2DF042-0A9A-407E-9423-385EE5F5BF9B} = {933C2992-562A-4408-9340-51B3EC4A2781}
		{DAF43C4E-C200-4F2F-B63F-67D446735F49} = {3E73D0B4-95AF-4A85-BEB7-A38838FDE9CF}
		{6D2BD0B8-5F53-4DF6-BAC9-0DCA39022BC1} = {6FA70A6F-1EC3-4ED8-B6B5-A71021A5AC9B}
		{450A8836-E125-4E20-8507-591BA188BDA1} = {01E72B3A-0A4E-42D9-B545-62EAE2B5A28A}
		{EFB7FCEB-3CEF-4C8A-A1FB-B80053D38B62} = {1DE00BC7-CC85-426D-B432-2225FB7207C9}
		{7A08F66C-CECF-49E6-874E-18B5697A51F1} = {1DE00BC7-CC85-426D-B432-2225FB7207C9}
		{EE2E2E30-0887-49DE-B00C-39FB6EF80CAF} = {1DE00BC7-CC85-426D-B432-2225FB7207C9}
	EndGlobalSection
	GlobalSection(ExtensibilityGlobals) = postSolution
		SolutionGuid = {EC89CD45-C037-4768-A631-918077571AE2}
	EndGlobalSection
EndGlobal
